
Microsoft Visual Studio Solution File, Format Version 12.00
# Visual Studio Version 17
VisualStudioVersion = 17.5.002.0
MinimumVisualStudioVersion = 10.0.40219.1
Project("{2150E333-8FDC-42A3-9474-1A3956D46DE8}") = "Expenses_Tracker", "Expenses_Tracker", "{0A8B61BD-A655-45AF-9761-974CB4D2CD61}"
EndProject
Project("{9A19103F-16F7-4668-BE54-9A1E7A4F7556}") = "Expenses_Tracker", "Expenses_Tracker\Expenses_Tracker\Expenses_Tracker.csproj", "{A07A5EDB-714D-45A0-BEA2-1BC5CB346784}"
EndProject
Global
	GlobalSection(SolutionConfigurationPlatforms) = preSolution
		Debug|Any CPU = Debug|Any CPU
		Release|Any CPU = Release|Any CPU
	EndGlobalSection
	GlobalSection(ProjectConfigurationPlatforms) = postSolution
		{A07A5EDB-714D-45A0-BEA2-1BC5CB346784}.Debug|Any CPU.ActiveCfg = Debug|Any CPU
		{A07A5EDB-714D-45A0-BEA2-1BC5CB346784}.Debug|Any CPU.Build.0 = Debug|Any CPU
		{A07A5EDB-714D-45A0-BEA2-1BC5CB346784}.Release|Any CPU.ActiveCfg = Release|Any CPU
		{A07A5EDB-714D-45A0-BEA2-1BC5CB346784}.Release|Any CPU.Build.0 = Release|Any CPU
	EndGlobalSection
	GlobalSection(SolutionProperties) = preSolution
		HideSolutionNode = FALSE
	EndGlobalSection
	GlobalSection(NestedProjects) = preSolution
		{A07A5EDB-714D-45A0-BEA2-1BC5CB346784} = {0A8B61BD-A655-45AF-9761-974CB4D2CD61}
	EndGlobalSection
	GlobalSection(ExtensibilityGlobals) = postSolution
		SolutionGuid = {583BAF6E-4313-4F81-A151-72ECB79C3342}
	EndGlobalSection
EndGlobal
